PODS:
  - Alamofire (5.2.2)
  - Caishen (2.2.1)
  - FBSnapshotTestCase (2.1.4):
    - FBSnapshotTestCase/SwiftSupport (= 2.1.4)
  - FBSnapshotTestCase/Core (2.1.4)
  - FBSnapshotTestCase/SwiftSupport (2.1.4):
    - FBSnapshotTestCase/Core
  - Monri (1.5.0):
    - Alamofire (~> 5.2.1)
    - Caishen
  - Nimble (9.0.1)
  - Quick (1.2.0)

DEPENDENCIES:
  - FBSnapshotTestCase (~> 2.1.4)
  - Monri (from `../`)
  - Nimble (~> 9.0.1)
  - Quick (~> 1.2.0)

SPEC REPOS:
  trunk:
    - Alamofire
    - Caishen
    - FBSnapshotTestCase
    - Nimble
    - Quick

EXTERNAL SOURCES:
  Monri:
    :path: "../"

SPEC CHECKSUMS:
  Alamofire: 814429acc853c6c54ff123fc3d2ef66803823ce0
  Caishen: 903d1d567b010b28217acd38e438b5917623cfef
  FBSnapshotTestCase: 094f9f314decbabe373b87cc339bea235a63e07a
  Monri: 77546137956f884df41fe4c16602f801e842362a
  Nimble: 7bed62ffabd6dbfe05f5925cbc43722533248990
  Quick: 58d203b1c5e27fff7229c4c1ae445ad7069a7a08

PODFILE CHECKSUM: a9561a58b93e00baf034762c1a2f47b07a5733a1

COCOAPODS: 1.14.3
